{
  "version": 4,
  "terraform_version": "0.12.10",
  "serial": 56,
  "lineage": "5c95b7e9-2232-ed7d-faa8-adf07bec5542",
  "outputs": {
    "costo_hora": {
      "value": 0.00744,
      "type": "number"
    },
    "costo_mes": {
      "value": 5,
      "type": "number"
    },
    "ip": {
      "value": "174.138.46.197",
      "type": "string"
    }
  },
  "resources": [
    {
      "mode": "managed",
      "type": "digitalocean_droplet",
      "name": "pbx",
      "provider": "provider.digitalocean",
      "instances": [
        {
          "schema_version": 1,
          "attributes": {
            "backups": false,
            "created_at": "2019-10-15T01:17:29Z",
            "disk": 25,
            "id": "163014810",
            "image": "ubuntu-18-04-x64",
            "ipv4_address": "174.138.46.197",
            "ipv4_address_private": "",
            "ipv6": false,
            "ipv6_address": "",
            "ipv6_address_private": null,
            "locked": false,
            "memory": 1024,
            "monitoring": false,
            "name": "pbx",
            "price_hourly": 0.00744,
            "price_monthly": 5,
            "private_networking": false,
            "region": "nyc1",
            "resize_disk": true,
            "size": "s-1vcpu-1gb",
            "ssh_keys": [
              "4d:31:54:0b:fd:1f:4b:9c:90:1f:e5:fc:77:e6:61:46"
            ],
            "status": "active",
            "tags": null,
            "urn": "do:droplet:163014810",
            "user_data": null,
            "vcpus": 1,
            "volume_ids": []
          },
          "private": "eyJzY2hlbWFfdmVyc2lvbiI6IjEifQ==",
          "depends_on": [
            "digitalocean_ssh_key.pbx"
          ]
        }
      ]
    },
    {
      "mode": "managed",
      "type": "digitalocean_ssh_key",
      "name": "pbx",
      "provider": "provider.digitalocean",
      "instances": [
        {
          "schema_version": 0,
          "attributes": {
            "fingerprint": "4d:31:54:0b:fd:1f:4b:9c:90:1f:e5:fc:77:e6:61:46",
            "id": "25594548",
            "name": "test_terraform-sshkey",
            "public_key": "ssh-rsa AAAAB3NzaC1yc2EAAAADAQABAAABAQDrne4OYmkaeZM1Uxi9s8c2l+04DECVWOtFpeRKB8nFwcX1h/PPMEXX7OR4cJsxiVyzG3hzBiDPjSkmfg43JunopcSj2hNKGsiyjA8RycNdXoPFZNgXhVlVJH7Dx0Pq0bmHIeAijD+6V+N+wHDp3w4/7p9MvXfRFtaGDHm9QQbXWpqJ5/iskMecXZ/svJefltBngFXicgexhENBELJnaRwjwfLBh0wNrw1JIttnyyTEjiM7FEkZKS+YpsSQuMkJJvzYMKIzBqyNOFWbBDHXt9hlx9AttLld2LOUecLFvfnoWkthxscTXuF79+8iXvUif3bslmkUNbxDduIRHnINZ5T3 camarj@Medusa"
          },
          "private": "bnVsbA=="
        }
      ]
    }
  ]
}
